
Microsoft Visual Studio Solution File, Format Version 12.00
# Visual Studio Version 17
VisualStudioVersion = 17.11.35327.3
MinimumVisualStudioVersion = 10.0.40219.1
Project("{FAE04EC0-301F-11D3-BF4B-00C04F79EFBC}") = "Model", "Model.csproj", "{1D7D8D8E-F4BA-4463-8785-36CB069ADAEE}"
EndProject
Project("{FAE04EC0-301F-11D3-BF4B-00C04F79EFBC}") = "Controller", "..\Controller\Controller.csproj", "{D4587FAA-5FF3-4D5D-AA5F-A764C60EDE3A}"
EndProject
Project("{FAE04EC0-301F-11D3-BF4B-00C04F79EFBC}") = "HomePageForms", "..\HomePageForms\HomePageForms.csproj", "{4FC2B845-9795-49A6-9319-7297F549C484}"
EndProject
Project("{2150E333-8FDC-42A3-9474-1A3956D46DE8}") = "Solution Items", "Solution Items", "{8EC462FD-D22E-90A8-E5CE-7E832BA40C5D}"
EndProject
Project("{FAE04EC0-301F-11D3-BF4B-00C04F79EFBC}") = "QuizAutoTest", "..\QuizAutoTest\QuizAutoTest.csproj", "{CDCD3697-F6B1-42EA-A8B7-C49554C1106C}"
EndProject
Project("{FAE04EC0-301F-11D3-BF4B-00C04F79EFBC}") = "VisitorLibrary", "..\VisitorLibrary\VisitorLibrary.csproj", "{02E86C40-0675-45FD-B5F2-AEA06B40B70D}"
EndProject
Project("{FAE04EC0-301F-11D3-BF4B-00C04F79EFBC}") = "ConcreteVisitors", "..\ConcreteVisitors\ConcreteVisitors.csproj", "{FB2C5C2D-DFE6-47C9-ADF6-91CA335C4F29}"
EndProject
Global
	GlobalSection(SolutionConfigurationPlatforms) = preSolution
		Debug|Any CPU = Debug|Any CPU
		Release|Any CPU = Release|Any CPU
	EndGlobalSection
	GlobalSection(ProjectConfigurationPlatforms) = postSolution
		{1D7D8D8E-F4BA-4463-8785-36CB069ADAEE}.Debug|Any CPU.ActiveCfg = Debug|Any CPU
		{1D7D8D8E-F4BA-4463-8785-36CB069ADAEE}.Debug|Any CPU.Build.0 = Debug|Any CPU
		{1D7D8D8E-F4BA-4463-8785-36CB069ADAEE}.Release|Any CPU.ActiveCfg = Release|Any CPU
		{1D7D8D8E-F4BA-4463-8785-36CB069ADAEE}.Release|Any CPU.Build.0 = Release|Any CPU
		{D4587FAA-5FF3-4D5D-AA5F-A764C60EDE3A}.Debug|Any CPU.ActiveCfg = Debug|Any CPU
		{D4587FAA-5FF3-4D5D-AA5F-A764C60EDE3A}.Debug|Any CPU.Build.0 = Debug|Any CPU
		{D4587FAA-5FF3-4D5D-AA5F-A764C60EDE3A}.Release|Any CPU.ActiveCfg = Release|Any CPU
		{D4587FAA-5FF3-4D5D-AA5F-A764C60EDE3A}.Release|Any CPU.Build.0 = Release|Any CPU
		{4FC2B845-9795-49A6-9319-7297F549C484}.Debug|Any CPU.ActiveCfg = Debug|Any CPU
		{4FC2B845-9795-49A6-9319-7297F549C484}.Debug|Any CPU.Build.0 = Debug|Any CPU
		{4FC2B845-9795-49A6-9319-7297F549C484}.Release|Any CPU.ActiveCfg = Release|Any CPU
		{4FC2B845-9795-49A6-9319-7297F549C484}.Release|Any CPU.Build.0 = Release|Any CPU
		{CDCD3697-F6B1-42EA-A8B7-C49554C1106C}.Debug|Any CPU.ActiveCfg = Debug|Any CPU
		{CDCD3697-F6B1-42EA-A8B7-C49554C1106C}.Debug|Any CPU.Build.0 = Debug|Any CPU
		{CDCD3697-F6B1-42EA-A8B7-C49554C1106C}.Release|Any CPU.ActiveCfg = Release|Any CPU
		{CDCD3697-F6B1-42EA-A8B7-C49554C1106C}.Release|Any CPU.Build.0 = Release|Any CPU
		{02E86C40-0675-45FD-B5F2-AEA06B40B70D}.Debug|Any CPU.ActiveCfg = Debug|Any CPU
		{02E86C40-0675-45FD-B5F2-AEA06B40B70D}.Debug|Any CPU.Build.0 = Debug|Any CPU
		{02E86C40-0675-45FD-B5F2-AEA06B40B70D}.Release|Any CPU.ActiveCfg = Release|Any CPU
		{02E86C40-0675-45FD-B5F2-AEA06B40B70D}.Release|Any CPU.Build.0 = Release|Any CPU
		{FB2C5C2D-DFE6-47C9-ADF6-91CA335C4F29}.Debug|Any CPU.ActiveCfg = Debug|Any CPU
		{FB2C5C2D-DFE6-47C9-ADF6-91CA335C4F29}.Debug|Any CPU.Build.0 = Debug|Any CPU
		{FB2C5C2D-DFE6-47C9-ADF6-91CA335C4F29}.Release|Any CPU.ActiveCfg = Release|Any CPU
		{FB2C5C2D-DFE6-47C9-ADF6-91CA335C4F29}.Release|Any CPU.Build.0 = Release|Any CPU
	EndGlobalSection
	GlobalSection(SolutionProperties) = preSolution
		HideSolutionNode = FALSE
	EndGlobalSection
	GlobalSection(ExtensibilityGlobals) = postSolution
		SolutionGuid = {D363830D-8B70-4952-919A-DAAC2B3FC76A}
	EndGlobalSection
EndGlobal
