
Microsoft Visual Studio Solution File, Format Version 12.00
# Visual Studio Version 17
VisualStudioVersion = 17.10.35013.160
MinimumVisualStudioVersion = 10.0.40219.1
Project("{2150E333-8FDC-42A3-9474-1A3956D46DE8}") = "Solution Items", "Solution Items", "{31118FB7-A3A7-4FD3-B950-6DC3C6938F17}"
	ProjectSection(SolutionItems) = preProject
		Modell\Intrebare.cs = Modell\Intrebare.cs
		intrebari.txt = intrebari.txt
	EndProjectSection
EndProject
Project("{FAE04EC0-301F-11D3-BF4B-00C04F79EFBC}") = "ConsoleApp1", "ConsoleApp1\ConsoleApp1.csproj", "{997C97F6-884B-4AA6-9C60-E1AC667958D1}"
	ProjectSection(ProjectDependencies) = postProject
		{99C1E9D5-BA7C-4FCE-8001-F9937FA638DB} = {99C1E9D5-BA7C-4FCE-8001-F9937FA638DB}
	EndProjectSection
EndProject
Project("{FAE04EC0-301F-11D3-BF4B-00C04F79EFBC}") = "Modell", "Modell\Modell.csproj", "{99C1E9D5-BA7C-4FCE-8001-F9937FA638DB}"
EndProject
Project("{FAE04EC0-301F-11D3-BF4B-00C04F79EFBC}") = "Controller", "ClassLibrary1\Controller.csproj", "{E264F168-E98A-4772-97D6-659FFEB65DE1}"
EndProject
Global
	GlobalSection(SolutionConfigurationPlatforms) = preSolution
		Debug|Any CPU = Debug|Any CPU
		Release|Any CPU = Release|Any CPU
	EndGlobalSection
	GlobalSection(ProjectConfigurationPlatforms) = postSolution
		{997C97F6-884B-4AA6-9C60-E1AC667958D1}.Debug|Any CPU.ActiveCfg = Debug|Any CPU
		{997C97F6-884B-4AA6-9C60-E1AC667958D1}.Debug|Any CPU.Build.0 = Debug|Any CPU
		{997C97F6-884B-4AA6-9C60-E1AC667958D1}.Release|Any CPU.ActiveCfg = Release|Any CPU
		{997C97F6-884B-4AA6-9C60-E1AC667958D1}.Release|Any CPU.Build.0 = Release|Any CPU
		{99C1E9D5-BA7C-4FCE-8001-F9937FA638DB}.Debug|Any CPU.ActiveCfg = Debug|Any CPU
		{99C1E9D5-BA7C-4FCE-8001-F9937FA638DB}.Debug|Any CPU.Build.0 = Debug|Any CPU
		{99C1E9D5-BA7C-4FCE-8001-F9937FA638DB}.Release|Any CPU.ActiveCfg = Release|Any CPU
		{99C1E9D5-BA7C-4FCE-8001-F9937FA638DB}.Release|Any CPU.Build.0 = Release|Any CPU
		{E264F168-E98A-4772-97D6-659FFEB65DE1}.Debug|Any CPU.ActiveCfg = Debug|Any CPU
		{E264F168-E98A-4772-97D6-659FFEB65DE1}.Debug|Any CPU.Build.0 = Debug|Any CPU
		{E264F168-E98A-4772-97D6-659FFEB65DE1}.Release|Any CPU.ActiveCfg = Release|Any CPU
		{E264F168-E98A-4772-97D6-659FFEB65DE1}.Release|Any CPU.Build.0 = Release|Any CPU
	EndGlobalSection
	GlobalSection(SolutionProperties) = preSolution
		HideSolutionNode = FALSE
	EndGlobalSection
	GlobalSection(NestedProjects) = preSolution
		{99C1E9D5-BA7C-4FCE-8001-F9937FA638DB} = {31118FB7-A3A7-4FD3-B950-6DC3C6938F17}
	EndGlobalSection
	GlobalSection(ExtensibilityGlobals) = postSolution
		SolutionGuid = {E6479A2D-8499-4201-91B6-A26581F50E8E}
	EndGlobalSection
EndGlobal
